<?xml version="1.0" encoding="utf-8"?>
<Project ToolsVersion="4.0" xmlns="http://schemas.microsoft.com/developer/msbuild/2003">
  <ItemGroup>
    <Filter Include="Source Files">
      <UniqueIdentifier>{4FC737F1-C7A5-4376-A066-2A32D752A2FF}</UniqueIdentifier>
      <Extensions>cpp;c;cc;cxx;c++;cppm;ixx;def;odl;idl;hpj;bat;asm;asmx</Extensions>
    </Filter>
    <Filter Include="Header Files">
      <UniqueIdentifier>{93995380-89BD-4b04-88EB-625FBE52EBFB}</UniqueIdentifier>
      <Extensions>h;hh;hpp;hxx;h++;hm;inl;inc;ipp;xsd</Extensions>
    </Filter>
    <Filter Include="Source Files\Model">
      <UniqueIdentifier>{6c025db4-8f48-4004-9748-dfc4263907cc}</UniqueIdentifier>
    </Filter>
    <Filter Include="Header Files\Model">
      <UniqueIdentifier>{59c81c6a-94b2-455a-b8b3-9b9c1c73e57f}</UniqueIdentifier>
    </Filter>
    <Filter Include="Source Files\View">
      <UniqueIdentifier>{4993f4d7-734b-4c07-a059-f425b50d7973}</UniqueIdentifier>
    </Filter>
    <Filter Include="Header Files\View">
      <UniqueIdentifier>{a82a6c6f-117d-4f0f-8995-5a879b82ed7b}</UniqueIdentifier>
    </Filter>
    <Filter Include="Header Files\Repository">
      <UniqueIdentifier>{6f525c08-1de9-48e6-ae52-f22b68cc9291}</UniqueIdentifier>
    </Filter>
    <Filter Include="Source Files\Repository">
      <UniqueIdentifier>{56cb27dd-135f-4d24-9f61-6115339637a0}</UniqueIdentifier>
    </Filter>
  </ItemGroup>
  <ItemGroup>
    <ClInclude Include="General.h">
      <Filter>Header Files</Filter>
    </ClInclude>
    <ClInclude Include="Vehicle.h">
      <Filter>Header Files\Model</Filter>
    </ClInclude>
    <ClInclude Include="ParkingSpace.h">
      <Filter>Header Files\Model</Filter>
    </ClInclude>
    <ClInclude Include="ParkingCustomer.h">
      <Filter>Header Files\Model</Filter>
    </ClInclude>
    <ClInclude Include="ParkingSubscription.h">
      <Filter>Header Files\Model</Filter>
    </ClInclude>
    <ClInclude Include="DateTime.h">
      <Filter>Header Files\Model</Filter>
    </ClInclude>
    <ClInclude Include="ParkingPayment.h">
      <Filter>Header Files\Model</Filter>
    </ClInclude>
    <ClInclude Include="List.h">
      <Filter>Header Files</Filter>
    </ClInclude>
    <ClInclude Include="ParkingLot.h">
      <Filter>Header Files\Model</Filter>
    </ClInclude>
    <ClInclude Include="ParkingLotManager.h">
      <Filter>Header Files\Model</Filter>
    </ClInclude>
    <ClInclude Include="ParkingLotManagerView.h">
      <Filter>Header Files\View</Filter>
    </ClInclude>
    <ClInclude Include="ParkingLotView.h">
      <Filter>Header Files\View</Filter>
    </ClInclude>
    <ClInclude Include="ParkingCustomerView.h">
      <Filter>Header Files\View</Filter>
    </ClInclude>
    <ClInclude Include="ParkingSubscriptionView.h">
      <Filter>Header Files\View</Filter>
    </ClInclude>
    <ClInclude Include="DateTimeView.h">
      <Filter>Header Files\View</Filter>
    </ClInclude>
    <ClInclude Include="ParkingVehicleView.h">
      <Filter>Header Files\View</Filter>
    </ClInclude>
    <ClInclude Include="GeneralView.h">
      <Filter>Header Files\View</Filter>
    </ClInclude>
    <ClInclude Include="ParkingPaymentView.h">
      <Filter>Header Files\View</Filter>
    </ClInclude>
    <ClInclude Include="FileHelper.h">
      <Filter>Header Files\Repository</Filter>
    </ClInclude>
    <ClInclude Include="ParkingLotManagerRepository.h">
      <Filter>Header Files\Repository</Filter>
    </ClInclude>
    <ClInclude Include="ParkingCustomerRepository.h">
      <Filter>Header Files\Repository</Filter>
    </ClInclude>
    <ClInclude Include="ParkingSubscriptionRepository.h">
      <Filter>Header Files\Repository</Filter>
    </ClInclude>
    <ClInclude Include="DateTimeRepository.h">
      <Filter>Header Files\Repository</Filter>
    </ClInclude>
    <ClInclude Include="VehicleRepository.h">
      <Filter>Header Files\Repository</Filter>
    </ClInclude>
    <ClInclude Include="ParkingLotRepository.h">
      <Filter>Header Files\Repository</Filter>
    </ClInclude>
    <ClInclude Include="ParkingSpaceRepository.h">
      <Filter>Header Files\Repository</Filter>
    </ClInclude>
    <ClInclude Include="ParkingPaymentRepository.h">
      <Filter>Header Files\Repository</Filter>
    </ClInclude>
    <ClInclude Include="ParkingLotManagerRepositoryView.h">
      <Filter>Header Files\View</Filter>
    </ClInclude>
    <ClInclude Include="ParkingSpaceView.h">
      <Filter>Header Files\View</Filter>
    </ClInclude>
  </ItemGroup>
  <ItemGroup>
    <ClCompile Include="Vehicle.c">
      <Filter>Source Files\Model</Filter>
    </ClCompile>
    <ClCompile Include="ParkingSpace.c">
      <Filter>Source Files\Model</Filter>
    </ClCompile>
    <ClCompile Include="main.c">
      <Filter>Source Files</Filter>
    </ClCompile>
    <ClCompile Include="ParkingSubscription.c">
      <Filter>Source Files\Model</Filter>
    </ClCompile>
    <ClCompile Include="DateTime.c">
      <Filter>Source Files\Model</Filter>
    </ClCompile>
    <ClCompile Include="ParkingPayment.c">
      <Filter>Source Files\Model</Filter>
    </ClCompile>
    <ClCompile Include="List.c">
      <Filter>Source Files</Filter>
    </ClCompile>
    <ClCompile Include="ParkingCustomer.c">
      <Filter>Source Files\Model</Filter>
    </ClCompile>
    <ClCompile Include="General.c">
      <Filter>Source Files</Filter>
    </ClCompile>
    <ClCompile Include="ParkingLot.c">
      <Filter>Source Files\Model</Filter>
    </ClCompile>
    <ClCompile Include="ParkingLotManager.c">
      <Filter>Source Files\Model</Filter>
    </ClCompile>
    <ClCompile Include="ParkingLotManagerView.c">
      <Filter>Source Files\View</Filter>
    </ClCompile>
    <ClCompile Include="ParkingLotView.c">
      <Filter>Source Files\View</Filter>
    </ClCompile>
    <ClCompile Include="ParkingCustomerView.c">
      <Filter>Source Files\View</Filter>
    </ClCompile>
    <ClCompile Include="ParkingSubscriptionView.c">
      <Filter>Source Files\View</Filter>
    </ClCompile>
    <ClCompile Include="DateTimeView.c">
      <Filter>Source Files\View</Filter>
    </ClCompile>
    <ClCompile Include="ParkingVehicleView.c">
      <Filter>Source Files\View</Filter>
    </ClCompile>
    <ClCompile Include="GeneralView.c">
      <Filter>Source Files\View</Filter>
    </ClCompile>
    <ClCompile Include="ParkingPaymentView.c">
      <Filter>Source Files\View</Filter>
    </ClCompile>
    <ClCompile Include="FileHelper.c">
      <Filter>Source Files\Repository</Filter>
    </ClCompile>
    <ClCompile Include="ParkingLotManagerRepository.c">
      <Filter>Source Files\Repository</Filter>
    </ClCompile>
    <ClCompile Include="ParkingCustomerRepository.c">
      <Filter>Source Files\Repository</Filter>
    </ClCompile>
    <ClCompile Include="ParkingSubscriptionRepository.c">
      <Filter>Source Files\Repository</Filter>
    </ClCompile>
    <ClCompile Include="DateTimeRepository.c">
      <Filter>Source Files\Repository</Filter>
    </ClCompile>
    <ClCompile Include="VehicleRepository.c">
      <Filter>Source Files\Repository</Filter>
    </ClCompile>
    <ClCompile Include="ParkingLotRepository.c">
      <Filter>Source Files\Repository</Filter>
    </ClCompile>
    <ClCompile Include="ParkingSpaceRepository.c">
      <Filter>Source Files\Repository</Filter>
    </ClCompile>
    <ClCompile Include="ParkingPaymentRepository.c">
      <Filter>Source Files\Repository</Filter>
    </ClCompile>
    <ClCompile Include="ParkingLotManagerRepositoryView.c">
      <Filter>Source Files\View</Filter>
    </ClCompile>
    <ClCompile Include="ParkingSpaceView.c">
      <Filter>Source Files\View</Filter>
    </ClCompile>
  </ItemGroup>
</Project>